
Microsoft Visual Studio Solution File, Format Version 12.00
# Visual Studio Version 16
VisualStudioVersion = 16.0.29403.142
MinimumVisualStudioVersion = 10.0.40219.1
Project("{FAE04EC0-301F-11D3-BF4B-00C04F79EFBC}") = "ReservaCitas", "ReservaCitas\ReservaCitas.csproj", "{4727E94A-7C35-405B-9288-12086E81B346}"
EndProject
Global
	GlobalSection(SolutionConfigurationPlatforms) = preSolution
		Debug|Any CPU = Debug|Any CPU
		Release|Any CPU = Release|Any CPU
	EndGlobalSection
	GlobalSection(ProjectConfigurationPlatforms) = postSolution
		{4727E94A-7C35-405B-9288-12086E81B346}.Debug|Any CPU.ActiveCfg = Debug|Any CPU
		{4727E94A-7C35-405B-9288-12086E81B346}.Debug|Any CPU.Build.0 = Debug|Any CPU
		{4727E94A-7C35-405B-9288-12086E81B346}.Release|Any CPU.ActiveCfg = Release|Any CPU
		{4727E94A-7C35-405B-9288-12086E81B346}.Release|Any CPU.Build.0 = Release|Any CPU
	EndGlobalSection
	GlobalSection(SolutionProperties) = preSolution
		HideSolutionNode = FALSE
	EndGlobalSection
	GlobalSection(ExtensibilityGlobals) = postSolution
		SolutionGuid = {29EA576D-53F9-41C4-AA2A-786618C60BD5}
	EndGlobalSection
EndGlobal
